
Microsoft Visual Studio Solution File, Format Version 12.00
# Visual Studio 15
VisualStudioVersion = 15.0.27004.2009
MinimumVisualStudioVersion = 10.0.40219.1
Project("{8BC9CEB8-8B4A-11D0-8D11-00A0C91BC942}") = "AVL", "AVL\AVL.vcxproj", "{93441293-8C62-4DF7-A52F-22C5DDD01BAB}"
EndProject
Global
	GlobalSection(SolutionConfigurationPlatforms) = preSolution
		Debug|x64 = Debug|x64
		Debug|x86 = Debug|x86
		Release|x64 = Release|x64
		Release|x86 = Release|x86
	EndGlobalSection
	GlobalSection(ProjectConfigurationPlatforms) = postSolution
		{93441293-8C62-4DF7-A52F-22C5DDD01BAB}.Debug|x64.ActiveCfg = Debug|x64
		{93441293-8C62-4DF7-A52F-22C5DDD01BAB}.Debug|x64.Build.0 = Debug|x64
		{93441293-8C62-4DF7-A52F-22C5DDD01BAB}.Debug|x86.ActiveCfg = Debug|Win32
		{93441293-8C62-4DF7-A52F-22C5DDD01BAB}.Debug|x86.Build.0 = Debug|Win32
		{93441293-8C62-4DF7-A52F-22C5DDD01BAB}.Release|x64.ActiveCfg = Release|x64
		{93441293-8C62-4DF7-A52F-22C5DDD01BAB}.Release|x64.Build.0 = Release|x64
		{93441293-8C62-4DF7-A52F-22C5DDD01BAB}.Release|x86.ActiveCfg = Release|Win32
		{93441293-8C62-4DF7-A52F-22C5DDD01BAB}.Release|x86.Build.0 = Release|Win32
	EndGlobalSection
	GlobalSection(SolutionProperties) = preSolution
		HideSolutionNode = FALSE
	EndGlobalSection
	GlobalSection(ExtensibilityGlobals) = postSolution
		SolutionGuid = {8AF679C4-BCEA-4959-964E-11F839F4376C}
	EndGlobalSection
EndGlobal
